// !$*UTF8*$!
{
	archiveVersion = 1;
	classes = {
	};
	objectVersion = 46;
	objects = {

/* Begin PBXBuildFile section */
		9EB9D1621E8E2C0600FE476D /* AppDelegate.swift in Sources */ = {isa = PBXBuildFile; fileRef = 9EB9D1611E8E2C0600FE476D /* AppDelegate.swift */; };
		9EB9D1641E8E2C0600FE476D /* ViewController.swift in Sources */ = {isa = PBXBuildFile; fileRef = 9EB9D1631E8E2C0600FE476D /* ViewController.swift */; };
		9EB9D1671E8E2C0600FE476D /* Main.storyboard in Resources */ = {isa = PBXBuildFile; fileRef = 9EB9D1651E8E2C0600FE476D /* Main.storyboard */; };
		9EB9D1691E8E2C0600FE476D /* Assets.xcassets in Resources */ = {isa = PBXBuildFile; fileRef = 9EB9D1681E8E2C0600FE476D /* Assets.xcassets */; };
		9EB9D16C1E8E2C0600FE476D /* LaunchScreen.storyboard in Resources */ = {isa = PBXBuildFile; fileRef = 9EB9D16A1E8E2C0600FE476D /* LaunchScreen.storyboard */; };
		F476C1ADF3D05999B35270FC /* Pods_Tumblr.framework in Frameworks */ = {isa = PBXBuildFile; fileRef = 06C12A30158BF32668A44A08 /* Pods_Tumblr.framework */; };
/* End PBXBuildFile section */

/* Begin PBXFileReference section */
		06C12A30158BF32668A44A08 /* Pods_Tumblr.framework */ = {isa = PBXFileReference; explicitFileType = wrapper.framework; includeInIndex = 0; path = Pods_Tumblr.framework; sourceTree = BUILT_PRODUCTS_DIR; };
		14317EAE009D40E3B96A2323 /* Pods-Tumblr.debug.xcconfig */ = {isa = PBXFileReference; includeInIndex = 1; lastKnownFileType = text.xcconfig; name = "Pods-Tumblr.debug.xcconfig"; path = "Pods/Target Support Files/Pods-Tumblr/Pods-Tumblr.debug.xcconfig"; sourceTree = "<group>"; };
		6E41E2788AC8E6D1ACE14A85 /* Pods-Tumblr.release.xcconfig */ = {isa = PBXFileReference; includeInIndex = 1; lastKnownFileType = text.xcconfig; name = "Pods-Tumblr.release.xcconfig"; path = "Pods/Target Support Files/Pods-Tumblr/Pods-Tumblr.release.xcconfig"; sourceTree = "<group>"; };
		9EB9D15E1E8E2C0600FE476D /* Tumblr.app */ = {isa = PBXFileReference; explicitFileType = wrapper.application; includeInIndex = 0; path = Tumblr.app; sourceTree = BUILT_PRODUCTS_DIR; };
		9EB9D1611E8E2C0600FE476D /* AppDelegate.swift */ = {isa = PBXFileReference; lastKnownFileType = sourcecode.swift; path = AppDelegate.swift; sourceTree = "<group>"; };
		9EB9D1631E8E2C0600FE476D /* ViewController.swift */ = {isa = PBXFileReference; lastKnownFileType = sourcecode.swift; path = ViewController.swift; sourceTree = "<group>"; };
		9EB9D1661E8E2C0600FE476D /* Base */ = {isa = PBXFileReference; lastKnownFileType = file.storyboard; name = Base; path = Base.lproj/Main.storyboard; sourceTree = "<group>"; };
		9EB9D1681E8E2C0600FE476D /* Assets.xcassets */ = {isa = PBXFileReference; lastKnownFileType = folder.assetcatalog; path = Assets.xcassets; sourceTree = "<group>"; };
		9EB9D16B1E8E2C0600FE476D /* Base */ = {isa = PBXFileReference; lastKnownFileType = file.storyboard; name = Base; path = Base.lproj/LaunchScreen.storyboard; sourceTree = "<group>"; };
		9EB9D16D1E8E2C0600FE476D /* Info.plist */ = {isa = PBXFileReference; lastKnownFileType = text.plist.xml; path = Info.plist; sourceTree = "<group>"; };
/* End PBXFileReference section */

/* Begin PBXFrameworksBuildPhase section */
		9EB9D15B1E8E2C0600FE476D /* Frameworks */ = {
			isa = PBXFrameworksBuildPhase;
			buildActionMask = 2147483647;
			files = (
				F476C1ADF3D05999B35270FC /* Pods_Tumblr.framework in Frameworks */,
			);
			runOnlyForDeploymentPostprocessing = 0;
		};
/* End PBXFrameworksBuildPhase section */

/* Begin PBXGroup section */
		830B73DE17CB44AE4E1A86C9 /* Frameworks */ = {
			isa = PBXGroup;
			children = (
				06C12A30158BF32668A44A08 /* Pods_Tumblr.framework */,
			);
			name = Frameworks;
			sourceTree = "<group>";
		};
		9EB9D1551E8E2C0600FE476D = {
			isa = PBXGroup;
			children = (
				9EB9D1601E8E2C0600FE476D /* Tumblr */,
				9EB9D15F1E8E2C0600FE476D /* Products */,
				CEC980E1970A4BD8C1F8D077 /* Pods */,
				830B73DE17CB44AE4E1A86C9 /* Frameworks */,
			);
			sourceTree = "<group>";
		};
		9EB9D15F1E8E2C0600FE476D /* Products */ = {
			isa = PBXGroup;
			children = (
				9EB9D15E1E8E2C0600FE476D /* Tumblr.app */,
			);
			name = Products;
			sourceTree = "<group>";
		};
		9EB9D1601E8E2C0600FE476D /* Tumblr */ = {
			isa = PBXGroup;
			children = (
				9EB9D1731E8E2C8100FE476D /* ViewControllers */,
				9EB9D1611E8E2C0600FE476D /* AppDelegate.swift */,
				9EB9D1631E8E2C0600FE476D /* ViewController.swift */,
				9EB9D1651E8E2C0600FE476D /* Main.storyboard */,
				9EB9D1681E8E2C0600FE476D /* Assets.xcassets */,
				9EB9D16A1E8E2C0600FE476D /* LaunchScreen.storyboard */,
				9EB9D16D1E8E2C0600FE476D /* Info.plist */,
			);
			path = Tumblr;
			sourceTree = "<group>";
		};
		9EB9D1731E8E2C8100FE476D /* ViewControllers */ = {
			isa = PBXGroup;
			children = (
			);
			name = ViewControllers;
			sourceTree = "<group>";
		};
		CEC980E1970A4BD8C1F8D077 /* Pods */ = {
			isa = PBXGroup;
			children = (
				14317EAE009D40E3B96A2323 /* Pods-Tumblr.debug.xcconfig */,
				6E41E2788AC8E6D1ACE14A85 /* Pods-Tumblr.release.xcconfig */,
			);
			name = Pods;
			sourceTree = "<group>";
		};
/* End PBXGroup section */

/* Begin PBXNativeTarget section */
		9EB9D15D1E8E2C0600FE476D /* Tumblr */ = {
			isa = PBXNativeTarget;
			buildConfigurationList = 9EB9D1701E8E2C0600FE476D /* Build configuration list for PBXNativeTarget "Tumblr" */;
			buildPhases = (
				6CB25BD19DCABAEDFBC964CB /* [CP] Check Pods Manifest.lock */,
				9EB9D15A1E8E2C0600FE476D /* Sources */,
				9EB9D15B1E8E2C0600FE476D /* Frameworks */,
				9EB9D15C1E8E2C0600FE476D /* Resources */,
				9B0F2081C527399A5D585D5E /* [CP] Embed Pods Frameworks */,
				0AB6843C2B778E7FF508F6E2 /* [CP] Copy Pods Resources */,
			);
			buildRules = (
			);
			dependencies = (
			);
			name = Tumblr;
			productName = Tumblr;
			productReference = 9EB9D15E1E8E2C0600FE476D /* Tumblr.app */;
			productType = "com.apple.product-type.application";
		};
/* End PBXNativeTarget section */

/* Begin PBXProject section */
		9EB9D1561E8E2C0600FE476D /* Project object */ = {
			isa = PBXProject;
			attributes = {
				LastSwiftUpdateCheck = 0820;
				LastUpgradeCheck = 0820;
				ORGANIZATIONNAME = Learning;
				TargetAttributes = {
					9EB9D15D1E8E2C0600FE476D = {
						CreatedOnToolsVersion = 8.2.1;
						DevelopmentTeam = 3BW25KHFKS;
						ProvisioningStyle = Automatic;
					};
				};
			};
			buildConfigurationList = 9EB9D1591E8E2C0600FE476D /* Build configuration list for PBXProject "Tumblr" */;
			compatibilityVersion = "Xcode 3.2";
			developmentRegion = English;
			hasScannedForEncodings = 0;
			knownRegions = (
				en,
				Base,
			);
			mainGroup = 9EB9D1551E8E2C0600FE476D;
			productRefGroup = 9EB9D15F1E8E2C0600FE476D /* Products */;
			projectDirPath = "";
			projectRoot = "";
			targets = (
				9EB9D15D1E8E2C0600FE476D /* Tumblr */,
			);
		};
/* End PBXProject section */

/* Begin PBXResourcesBuildPhase section */
		9EB9D15C1E8E2C0600FE476D /* Resources */ = {
			isa = PBXResourcesBuildPhase;
			buildActionMask = 2147483647;
			files = (
				9EB9D16C1E8E2C0600FE476D /* LaunchScreen.storyboard in Resources */,
				9EB9D1691E8E2C0600FE476D /* Assets.xcassets in Resources */,
				9EB9D1671E8E2C0600FE476D /* Main.storyboard in Resources */,
			);
			runOnlyForDeploymentPostprocessing = 0;
		};
/* End PBXResourcesBuildPhase section */

/* Begin PBXShellScriptBuildPhase section */
		0AB6843C2B778E7FF508F6E2 /* [CP] Copy Pods Resources */ = {
			isa = PBXShellScriptBuildPhase;
			buildActionMask = 2147483647;
			files = (
			);
			inputPaths = (
			);
			name = "[CP] Copy Pods Resources";
			outputPaths = (
			);
			runOnlyForDeploymentPostprocessing = 0;
			shellPath = /bin/sh;
			shellScript = "\"${SRCROOT}/Pods/Target Support Files/Pods-Tumblr/Pods-Tumblr-resources.sh\"\n";
			showEnvVarsInLog = 0;
		};
		6CB25BD19DCABAEDFBC964CB /* [CP] Check Pods Manifest.lock */ = {
			isa = PBXShellScriptBuildPhase;
			buildActionMask = 2147483647;
			files = (
			);
			inputPaths = (
			);
			name = "[CP] Check Pods Manifest.lock";
			outputPaths = (
			);
			runOnlyForDeploymentPostprocessing = 0;
			shellPath = /bin/sh;
			shellScript = "diff \"${PODS_ROOT}/../Podfile.lock\" \"${PODS_ROOT}/Manifest.lock\" > /dev/null\nif [ $? != 0 ] ; then\n    # print error to STDERR\n    echo \"error: The sandbox is not in sync with the Podfile.lock. Run 'pod install' or update your CocoaPods installation.\" >&2\n    exit 1\nfi\n";
			showEnvVarsInLog = 0;
		};
		9B0F2081C527399A5D585D5E /* [CP] Embed Pods Frameworks */ = {
			isa = PBXShellScriptBuildPhase;
			buildActionMask = 2147483647;
			files = (
			);
			inputPaths = (
			);
			name = "[CP] Embed Pods Frameworks";
			outputPaths = (
			);
			runOnlyForDeploymentPostprocessing = 0;
			shellPath = /bin/sh;
			shellScript = "\"${SRCROOT}/Pods/Target Support Files/Pods-Tumblr/Pods-Tumblr-frameworks.sh\"\n";
			showEnvVarsInLog = 0;
		};
/* End PBXShellScriptBuildPhase section */

/* Begin PBXSourcesBuildPhase section */
		9EB9D15A1E8E2C0600FE476D /* Sources */ = {
			isa = PBXSourcesBuildPhase;
			buildActionMask = 2147483647;
			files = (
				9EB9D1641E8E2C0600FE476D /* ViewController.swift in Sources */,
				9EB9D1621E8E2C0600FE476D /* AppDelegate.swift in Sources */,
			);
			runOnlyForDeploymentPostprocessing = 0;
		};
/* End PBXSourcesBuildPhase section */

/* Begin PBXVariantGroup section */
		9EB9D1651E8E2C0600FE476D /* Main.storyboard */ = {
			isa = PBXVariantGroup;
			children = (
				9EB9D1661E8E2C0600FE476D /* Base */,
			);
			name = Main.storyboard;
			sourceTree = "<group>";
		};
		9EB9D16A1E8E2C0600FE476D /* LaunchScreen.storyboard */ = {
			isa = PBXVariantGroup;
			children = (
				9EB9D16B1E8E2C0600FE476D /* Base */,
			);
			name = LaunchScreen.storyboard;
			sourceTree = "<group>";
		};
/* End PBXVariantGroup section */

/* Begin XCBuildConfiguration section */
		9EB9D16E1E8E2C0600FE476D /* Debug */ = {
			isa = XCBuildConfiguration;
			buildSettings = {
				ALWAYS_SEARCH_USER_PATHS = NO;
				CLANG_ANALYZER_NONNULL = YES;
				CLANG_CXX_LANGUAGE_STANDARD = "gnu++0x";
				CLANG_CXX_LIBRARY = "libc++";
				CLANG_ENABLE_MODULES = YES;
				CLANG_ENABLE_OBJC_ARC = YES;
				CLANG_WARN_BOOL_CONVERSION = YES;
				CLANG_WARN_CONSTANT_CONVERSION = YES;
				CLANG_WARN_DIRECT_OBJC_ISA_USAGE = YES_ERROR;
				CLANG_WARN_DOCUMENTATION_COMMENTS = YES;
				CLANG_WARN_EMPTY_BODY = YES;
				CLANG_WARN_ENUM_CONVERSION = YES;
				CLANG_WARN_INFINITE_RECURSION = YES;
				CLANG_WARN_INT_CONVERSION = YES;
				CLANG_WARN_OBJC_ROOT_CLASS = YES_ERROR;
				CLANG_WARN_SUSPICIOUS_MOVE = YES;
				CLANG_WARN_UNREACHABLE_CODE = YES;
				CLANG_WARN__DUPLICATE_METHOD_MATCH = YES;
				"CODE_SIGN_IDENTITY[sdk=iphoneos*]" = "iPhone Developer";
				COPY_PHASE_STRIP = NO;
				DEBUG_INFORMATION_FORMAT = dwarf;
				ENABLE_STRICT_OBJC_MSGSEND = YES;
				ENABLE_TESTABILITY = YES;
				GCC_C_LANGUAGE_STANDARD = gnu99;
				GCC_DYNAMIC_NO_PIC = NO;
				GCC_NO_COMMON_BLOCKS = YES;
				GCC_OPTIMIZATION_LEVEL = 0;
				GCC_PREPROCESSOR_DEFINITIONS = (
					"DEBUG=1",
					"$(inherited)",
				);
				GCC_WARN_64_TO_32_BIT_CONVERSION = YES;
				GCC_WARN_ABOUT_RETURN_TYPE = YES_ERROR;
				GCC_WARN_UNDECLARED_SELECTOR = YES;
				GCC_WARN_UNINITIALIZED_AUTOS = YES_AGGRESSIVE;
				GCC_WARN_UNUSED_FUNCTION = YES;
				GCC_WARN_UNUSED_VARIABLE = YES;
				IPHONEOS_DEPLOYMENT_TARGET = 10.2;
				MTL_ENABLE_DEBUG_INFO = YES;
				ONLY_ACTIVE_ARCH = YES;
				SDKROOT = iphoneos;
				SWIFT_ACTIVE_COMPILATION_CONDITIONS = DEBUG;
				SWIFT_OPTIMIZATION_LEVEL = "-Onone";
				TARGETED_DEVICE_FAMILY = "1,2";
			};
			name = Debug;
		};
		9EB9D16F1E8E2C0600FE476D /* Release */ = {
			isa = XCBuildConfiguration;
			buildSettings = {
				ALWAYS_SEARCH_USER_PATHS = NO;
				CLANG_ANALYZER_NONNULL = YES;
				CLANG_CXX_LANGUAGE_STANDARD = "gnu++0x";
				CLANG_CXX_LIBRARY = "libc++";
				CLANG_ENABLE_MODULES = YES;
				CLANG_ENABLE_OBJC_ARC = YES;
				CLANG_WARN_BOOL_CONVERSION = YES;
				CLANG_WARN_CONSTANT_CONVERSION = YES;
				CLANG_WARN_DIRECT_OBJC_ISA_USAGE = YES_ERROR;
				CLANG_WARN_DOCUMENTATION_COMMENTS = YES;
				CLANG_WARN_EMPTY_BODY = YES;
				CLANG_WARN_ENUM_CONVERSION = YES;
				CLANG_WARN_INFINITE_RECURSION = YES;
				CLANG_WARN_INT_CONVERSION = YES;
				CLANG_WARN_OBJC_ROOT_CLASS = YES_ERROR;
				CLANG_WARN_SUSPICIOUS_MOVE = YES;
				CLANG_WARN_UNREACHABLE_CODE = YES;
				CLANG_WARN__DUPLICATE_METHOD_MATCH = YES;
				"CODE_SIGN_IDENTITY[sdk=iphoneos*]" = "iPhone Developer";
				COPY_PHASE_STRIP = NO;
				DEBUG_INFORMATION_FORMAT = "dwarf-with-dsym";
				ENABLE_NS_ASSERTIONS = NO;
				ENABLE_STRICT_OBJC_MSGSEND = YES;
				GCC_C_LANGUAGE_STANDARD = gnu99;
				GCC_NO_COMMON_BLOCKS = YES;
				GCC_WARN_64_TO_32_BIT_CONVERSION = YES;
				GCC_WARN_ABOUT_RETURN_TYPE = YES_ERROR;
				GCC_WARN_UNDECLARED_SELECTOR = YES;
				GCC_WARN_UNINITIALIZED_AUTOS = YES_AGGRESSIVE;
				GCC_WARN_UNUSED_FUNCTION = YES;
				GCC_WARN_UNUSED_VARIABLE = YES;
				IPHONEOS_DEPLOYMENT_TARGET = 10.2;
				MTL_ENABLE_DEBUG_INFO = NO;
				SDKROOT = iphoneos;
				SWIFT_OPTIMIZATION_LEVEL = "-Owholemodule";
				TARGETED_DEVICE_FAMILY = "1,2";
				VALIDATE_PRODUCT = YES;
			};
			name = Release;
		};
		9EB9D1711E8E2C0600FE476D /* Debug */ = {
			isa = XCBuildConfiguration;
			baseConfigurationReference = 14317EAE009D40E3B96A2323 /* Pods-Tumblr.debug.xcconfig */;
			buildSettings = {
				ASSETCATALOG_COMPILER_APPICON_NAME = AppIcon;
				DEVELOPMENT_TEAM = 3BW25KHFKS;
				INFOPLIST_FILE = Tumblr/Info.plist;
				LD_RUNPATH_SEARCH_PATHS = "$(inherited) @executable_path/Frameworks";
				PRODUCT_BUNDLE_IDENTIFIER = uttam.Tumblr;
				PRODUCT_NAME = "$(TARGET_NAME)";
				SWIFT_VERSION = 3.0;
			};
			name = Debug;
		};
		9EB9D1721E8E2C0600FE476D /* Release */ = {
			isa = XCBuildConfiguration;
			baseConfigurationReference = 6E41E2788AC8E6D1ACE14A85 /* Pods-Tumblr.release.xcconfig */;
			buildSettings = {
				ASSETCATALOG_COMPILER_APPICON_NAME = AppIcon;
				DEVELOPMENT_TEAM = 3BW25KHFKS;
				INFOPLIST_FILE = Tumblr/Info.plist;
				LD_RUNPATH_SEARCH_PATHS = "$(inherited) @executable_path/Frameworks";
				PRODUCT_BUNDLE_IDENTIFIER = uttam.Tumblr;
				PRODUCT_NAME = "$(TARGET_NAME)";
				SWIFT_VERSION = 3.0;
			};
			name = Release;
		};
/* End XCBuildConfiguration section */

/* Begin XCConfigurationList section */
		9EB9D1591E8E2C0600FE476D /* Build configuration list for PBXProject "Tumblr" */ = {
			isa = XCConfigurationList;
			buildConfigurations = (
				9EB9D16E1E8E2C0600FE476D /* Debug */,
				9EB9D16F1E8E2C0600FE476D /* Release */,
			);
			defaultConfigurationIsVisible = 0;
			defaultConfigurationName = Release;
		};
		9EB9D1701E8E2C0600FE476D /* Build configuration list for PBXNativeTarget "Tumblr" */ = {
			isa = XCConfigurationList;
			buildConfigurations = (
				9EB9D1711E8E2C0600FE476D /* Debug */,
				9EB9D1721E8E2C0600FE476D /* Release */,
			);
			defaultConfigurationIsVisible = 0;
			defaultConfigurationName = Release;
		};
/* End XCConfigurationList section */
	};
	rootObject = 9EB9D1561E8E2C0600FE476D /* Project object */;
}
